// !$*UTF8*$!
{
	archiveVersion = 1;
	classes = {
	};
	objectVersion = 50;
	objects = {

/* Begin PBXBuildFile section */
		930EE77925864E35008610B8 /* AppDelegate.m in Sources */ = {isa = PBXBuildFile; fileRef = 930EE77825864E35008610B8 /* AppDelegate.m */; };
		930EE78225864E35008610B8 /* Main.storyboard in Resources */ = {isa = PBXBuildFile; fileRef = 930EE78025864E35008610B8 /* Main.storyboard */; };
		930EE78425864E36008610B8 /* Assets.xcassets in Resources */ = {isa = PBXBuildFile; fileRef = 930EE78325864E36008610B8 /* Assets.xcassets */; };
		930EE78725864E36008610B8 /* LaunchScreen.storyboard in Resources */ = {isa = PBXBuildFile; fileRef = 930EE78525864E36008610B8 /* LaunchScreen.storyboard */; };
		930EE78A25864E36008610B8 /* main.m in Sources */ = {isa = PBXBuildFile; fileRef = 930EE78925864E36008610B8 /* main.m */; };
		9376596325930F780096785E /* PersistentManager.m in Sources */ = {isa = PBXBuildFile; fileRef = 9376596225930F780096785E /* PersistentManager.m */; };
		93821A862590B52700D1115D /* BaseViewController.m in Sources */ = {isa = PBXBuildFile; fileRef = 93821A852590B52700D1115D /* BaseViewController.m */; };
		93821A962590B64D00D1115D /* ListViewController.m in Sources */ = {isa = PBXBuildFile; fileRef = 93821A952590B64D00D1115D /* ListViewController.m */; };
		93B2490C259196F500068E64 /* ScreenSizeUtility.m in Sources */ = {isa = PBXBuildFile; fileRef = 93B2490B259196F500068E64 /* ScreenSizeUtility.m */; };
		93B2491B2592288500068E64 /* PostViewController.m in Sources */ = {isa = PBXBuildFile; fileRef = 93B2491A2592288500068E64 /* PostViewController.m */; };
/* End PBXBuildFile section */

/* Begin PBXFileReference section */
		930EE77425864E35008610B8 /* MarkListDemo.app */ = {isa = PBXFileReference; explicitFileType = wrapper.application; includeInIndex = 0; path = MarkListDemo.app; sourceTree = BUILT_PRODUCTS_DIR; };
		930EE77725864E35008610B8 /* AppDelegate.h */ = {isa = PBXFileReference; lastKnownFileType = sourcecode.c.h; path = AppDelegate.h; sourceTree = "<group>"; };
		930EE77825864E35008610B8 /* AppDelegate.m */ = {isa = PBXFileReference; lastKnownFileType = sourcecode.c.objc; path = AppDelegate.m; sourceTree = "<group>"; };
		930EE78125864E35008610B8 /* Base */ = {isa = PBXFileReference; lastKnownFileType = file.storyboard; name = Base; path = Base.lproj/Main.storyboard; sourceTree = "<group>"; };
		930EE78325864E36008610B8 /* Assets.xcassets */ = {isa = PBXFileReference; lastKnownFileType = folder.assetcatalog; path = Assets.xcassets; sourceTree = "<group>"; };
		930EE78625864E36008610B8 /* Base */ = {isa = PBXFileReference; lastKnownFileType = file.storyboard; name = Base; path = Base.lproj/LaunchScreen.storyboard; sourceTree = "<group>"; };
		930EE78825864E36008610B8 /* Info.plist */ = {isa = PBXFileReference; lastKnownFileType = text.plist.xml; path = Info.plist; sourceTree = "<group>"; };
		930EE78925864E36008610B8 /* main.m */ = {isa = PBXFileReference; lastKnownFileType = sourcecode.c.objc; path = main.m; sourceTree = "<group>"; };
		9376596125930F780096785E /* PersistentManager.h */ = {isa = PBXFileReference; lastKnownFileType = sourcecode.c.h; path = PersistentManager.h; sourceTree = "<group>"; };
		9376596225930F780096785E /* PersistentManager.m */ = {isa = PBXFileReference; lastKnownFileType = sourcecode.c.objc; path = PersistentManager.m; sourceTree = "<group>"; };
		93821A842590B52700D1115D /* BaseViewController.h */ = {isa = PBXFileReference; lastKnownFileType = sourcecode.c.h; path = BaseViewController.h; sourceTree = "<group>"; };
		93821A852590B52700D1115D /* BaseViewController.m */ = {isa = PBXFileReference; lastKnownFileType = sourcecode.c.objc; path = BaseViewController.m; sourceTree = "<group>"; };
		93821A942590B64D00D1115D /* ListViewController.h */ = {isa = PBXFileReference; lastKnownFileType = sourcecode.c.h; path = ListViewController.h; sourceTree = "<group>"; };
		93821A952590B64D00D1115D /* ListViewController.m */ = {isa = PBXFileReference; lastKnownFileType = sourcecode.c.objc; path = ListViewController.m; sourceTree = "<group>"; };
		93B2490A259196F500068E64 /* ScreenSizeUtility.h */ = {isa = PBXFileReference; lastKnownFileType = sourcecode.c.h; path = ScreenSizeUtility.h; sourceTree = "<group>"; };
		93B2490B259196F500068E64 /* ScreenSizeUtility.m */ = {isa = PBXFileReference; lastKnownFileType = sourcecode.c.objc; path = ScreenSizeUtility.m; sourceTree = "<group>"; };
		93B249192592288500068E64 /* PostViewController.h */ = {isa = PBXFileReference; lastKnownFileType = sourcecode.c.h; path = PostViewController.h; sourceTree = "<group>"; };
		93B2491A2592288500068E64 /* PostViewController.m */ = {isa = PBXFileReference; lastKnownFileType = sourcecode.c.objc; path = PostViewController.m; sourceTree = "<group>"; };
/* End PBXFileReference section */

/* Begin PBXFrameworksBuildPhase section */
		930EE77125864E35008610B8 /* Frameworks */ = {
			isa = PBXFrameworksBuildPhase;
			buildActionMask = 2147483647;
			files = (
			);
			runOnlyForDeploymentPostprocessing = 0;
		};
/* End PBXFrameworksBuildPhase section */

/* Begin PBXGroup section */
		930A593025E0011800192E0B /* VIew */ = {
			isa = PBXGroup;
			children = (
			);
			path = VIew;
			sourceTree = "<group>";
		};
		930EE76B25864E35008610B8 = {
			isa = PBXGroup;
			children = (
				930EE77625864E35008610B8 /* MarkListDemo */,
				930EE77525864E35008610B8 /* Products */,
			);
			sourceTree = "<group>";
		};
		930EE77525864E35008610B8 /* Products */ = {
			isa = PBXGroup;
			children = (
				930EE77425864E35008610B8 /* MarkListDemo.app */,
			);
			name = Products;
			sourceTree = "<group>";
		};
		930EE77625864E35008610B8 /* MarkListDemo */ = {
			isa = PBXGroup;
			children = (
				930A593025E0011800192E0B /* VIew */,
				93B249082591966C00068E64 /* Utility */,
				93821A7C2590B4A700D1115D /* VC */,
				930EE77725864E35008610B8 /* AppDelegate.h */,
				930EE77825864E35008610B8 /* AppDelegate.m */,
				930EE78025864E35008610B8 /* Main.storyboard */,
				930EE78325864E36008610B8 /* Assets.xcassets */,
				930EE78525864E36008610B8 /* LaunchScreen.storyboard */,
				930EE78825864E36008610B8 /* Info.plist */,
				930EE78925864E36008610B8 /* main.m */,
			);
			path = MarkListDemo;
			sourceTree = "<group>";
		};
		9376596025930ED20096785E /* Storage */ = {
			isa = PBXGroup;
			children = (
				9376596125930F780096785E /* PersistentManager.h */,
				9376596225930F780096785E /* PersistentManager.m */,
			);
			path = Storage;
			sourceTree = "<group>";
		};
		93821A7C2590B4A700D1115D /* VC */ = {
			isa = PBXGroup;
			children = (
				93821A832590B50700D1115D /* BaseVC */,
				93821A932590B63100D1115D /* ListVC */,
				93B249182592283A00068E64 /* PostVC */,
			);
			path = VC;
			sourceTree = "<group>";
		};
		93821A832590B50700D1115D /* BaseVC */ = {
			isa = PBXGroup;
			children = (
				93821A842590B52700D1115D /* BaseViewController.h */,
				93821A852590B52700D1115D /* BaseViewController.m */,
			);
			path = BaseVC;
			sourceTree = "<group>";
		};
		93821A932590B63100D1115D /* ListVC */ = {
			isa = PBXGroup;
			children = (
				93821A942590B64D00D1115D /* ListViewController.h */,
				93821A952590B64D00D1115D /* ListViewController.m */,
			);
			path = ListVC;
			sourceTree = "<group>";
		};
		93B249082591966C00068E64 /* Utility */ = {
			isa = PBXGroup;
			children = (
				9376596025930ED20096785E /* Storage */,
				93B24910259223A400068E64 /* Macro */,
				93B249092591968900068E64 /* ScreenSize */,
			);
			path = Utility;
			sourceTree = "<group>";
		};
		93B249092591968900068E64 /* ScreenSize */ = {
			isa = PBXGroup;
			children = (
				93B2490A259196F500068E64 /* ScreenSizeUtility.h */,
				93B2490B259196F500068E64 /* ScreenSizeUtility.m */,
			);
			path = ScreenSize;
			sourceTree = "<group>";
		};
		93B24910259223A400068E64 /* Macro */ = {
			isa = PBXGroup;
			children = (
			);
			path = Macro;
			sourceTree = "<group>";
		};
		93B249182592283A00068E64 /* PostVC */ = {
			isa = PBXGroup;
			children = (
				93B249192592288500068E64 /* PostViewController.h */,
				93B2491A2592288500068E64 /* PostViewController.m */,
			);
			path = PostVC;
			sourceTree = "<group>";
		};
/* End PBXGroup section */

/* Begin PBXNativeTarget section */
		930EE77325864E35008610B8 /* MarkListDemo */ = {
			isa = PBXNativeTarget;
			buildConfigurationList = 930EE78D25864E36008610B8 /* Build configuration list for PBXNativeTarget "MarkListDemo" */;
			buildPhases = (
				930EE77025864E35008610B8 /* Sources */,
				930EE77125864E35008610B8 /* Frameworks */,
				930EE77225864E35008610B8 /* Resources */,
			);
			buildRules = (
			);
			dependencies = (
			);
			name = MarkListDemo;
			productName = MarkListDemo;
			productReference = 930EE77425864E35008610B8 /* MarkListDemo.app */;
			productType = "com.apple.product-type.application";
		};
/* End PBXNativeTarget section */

/* Begin PBXProject section */
		930EE76C25864E35008610B8 /* Project object */ = {
			isa = PBXProject;
			attributes = {
				LastUpgradeCheck = 1220;
				TargetAttributes = {
					930EE77325864E35008610B8 = {
						CreatedOnToolsVersion = 12.2;
					};
				};
			};
			buildConfigurationList = 930EE76F25864E35008610B8 /* Build configuration list for PBXProject "MarkListDemo" */;
			compatibilityVersion = "Xcode 9.3";
			developmentRegion = en;
			hasScannedForEncodings = 0;
			knownRegions = (
				en,
				Base,
			);
			mainGroup = 930EE76B25864E35008610B8;
			productRefGroup = 930EE77525864E35008610B8 /* Products */;
			projectDirPath = "";
			projectRoot = "";
			targets = (
				930EE77325864E35008610B8 /* MarkListDemo */,
			);
		};
/* End PBXProject section */

/* Begin PBXResourcesBuildPhase section */
		930EE77225864E35008610B8 /* Resources */ = {
			isa = PBXResourcesBuildPhase;
			buildActionMask = 2147483647;
			files = (
				930EE78725864E36008610B8 /* LaunchScreen.storyboard in Resources */,
				930EE78425864E36008610B8 /* Assets.xcassets in Resources */,
				930EE78225864E35008610B8 /* Main.storyboard in Resources */,
			);
			runOnlyForDeploymentPostprocessing = 0;
		};
/* End PBXResourcesBuildPhase section */

/* Begin PBXSourcesBuildPhase section */
		930EE77025864E35008610B8 /* Sources */ = {
			isa = PBXSourcesBuildPhase;
			buildActionMask = 2147483647;
			files = (
				930EE77925864E35008610B8 /* AppDelegate.m in Sources */,
				93821A862590B52700D1115D /* BaseViewController.m in Sources */,
				93B2491B2592288500068E64 /* PostViewController.m in Sources */,
				93B2490C259196F500068E64 /* ScreenSizeUtility.m in Sources */,
				9376596325930F780096785E /* PersistentManager.m in Sources */,
				93821A962590B64D00D1115D /* ListViewController.m in Sources */,
				930EE78A25864E36008610B8 /* main.m in Sources */,
			);
			runOnlyForDeploymentPostprocessing = 0;
		};
/* End PBXSourcesBuildPhase section */

/* Begin PBXVariantGroup section */
		930EE78025864E35008610B8 /* Main.storyboard */ = {
			isa = PBXVariantGroup;
			children = (
				930EE78125864E35008610B8 /* Base */,
			);
			name = Main.storyboard;
			sourceTree = "<group>";
		};
		930EE78525864E36008610B8 /* LaunchScreen.storyboard */ = {
			isa = PBXVariantGroup;
			children = (
				930EE78625864E36008610B8 /* Base */,
			);
			name = LaunchScreen.storyboard;
			sourceTree = "<group>";
		};
/* End PBXVariantGroup section */

/* Begin XCBuildConfiguration section */
		930EE78B25864E36008610B8 /* Debug */ = {
			isa = XCBuildConfiguration;
			buildSettings = {
				ALWAYS_SEARCH_USER_PATHS = NO;
				CLANG_ANALYZER_NONNULL = YES;
				CLANG_ANALYZER_NUMBER_OBJECT_CONVERSION = YES_AGGRESSIVE;
				CLANG_CXX_LANGUAGE_STANDARD = "gnu++14";
				CLANG_CXX_LIBRARY = "libc++";
				CLANG_ENABLE_MODULES = YES;
				CLANG_ENABLE_OBJC_ARC = YES;
				CLANG_ENABLE_OBJC_WEAK = YES;
				CLANG_WARN_BLOCK_CAPTURE_AUTORELEASING = YES;
				CLANG_WARN_BOOL_CONVERSION = YES;
				CLANG_WARN_COMMA = YES;
				CLANG_WARN_CONSTANT_CONVERSION = YES;
				CLANG_WARN_DEPRECATED_OBJC_IMPLEMENTATIONS = YES;
				CLANG_WARN_DIRECT_OBJC_ISA_USAGE = YES_ERROR;
				CLANG_WARN_DOCUMENTATION_COMMENTS = YES;
				CLANG_WARN_EMPTY_BODY = YES;
				CLANG_WARN_ENUM_CONVERSION = YES;
				CLANG_WARN_INFINITE_RECURSION = YES;
				CLANG_WARN_INT_CONVERSION = YES;
				CLANG_WARN_NON_LITERAL_NULL_CONVERSION = YES;
				CLANG_WARN_OBJC_IMPLICIT_RETAIN_SELF = YES;
				CLANG_WARN_OBJC_LITERAL_CONVERSION = YES;
				CLANG_WARN_OBJC_ROOT_CLASS = YES_ERROR;
				CLANG_WARN_QUOTED_INCLUDE_IN_FRAMEWORK_HEADER = YES;
				CLANG_WARN_RANGE_LOOP_ANALYSIS = YES;
				CLANG_WARN_STRICT_PROTOTYPES = YES;
				CLANG_WARN_SUSPICIOUS_MOVE = YES;
				CLANG_WARN_UNGUARDED_AVAILABILITY = YES_AGGRESSIVE;
				CLANG_WARN_UNREACHABLE_CODE = YES;
				CLANG_WARN__DUPLICATE_METHOD_MATCH = YES;
				COPY_PHASE_STRIP = NO;
				DEBUG_INFORMATION_FORMAT = dwarf;
				ENABLE_STRICT_OBJC_MSGSEND = YES;
				ENABLE_TESTABILITY = YES;
				GCC_C_LANGUAGE_STANDARD = gnu11;
				GCC_DYNAMIC_NO_PIC = NO;
				GCC_NO_COMMON_BLOCKS = YES;
				GCC_OPTIMIZATION_LEVEL = 0;
				GCC_PREPROCESSOR_DEFINITIONS = (
					"DEBUG=1",
					"$(inherited)",
				);
				GCC_WARN_64_TO_32_BIT_CONVERSION = YES;
				GCC_WARN_ABOUT_RETURN_TYPE = YES_ERROR;
				GCC_WARN_UNDECLARED_SELECTOR = YES;
				GCC_WARN_UNINITIALIZED_AUTOS = YES_AGGRESSIVE;
				GCC_WARN_UNUSED_FUNCTION = YES;
				GCC_WARN_UNUSED_VARIABLE = YES;
				IPHONEOS_DEPLOYMENT_TARGET = 14.2;
				MTL_ENABLE_DEBUG_INFO = INCLUDE_SOURCE;
				MTL_FAST_MATH = YES;
				ONLY_ACTIVE_ARCH = YES;
				SDKROOT = iphoneos;
			};
			name = Debug;
		};
		930EE78C25864E36008610B8 /* Release */ = {
			isa = XCBuildConfiguration;
			buildSettings = {
				ALWAYS_SEARCH_USER_PATHS = NO;
				CLANG_ANALYZER_NONNULL = YES;
				CLANG_ANALYZER_NUMBER_OBJECT_CONVERSION = YES_AGGRESSIVE;
				CLANG_CXX_LANGUAGE_STANDARD = "gnu++14";
				CLANG_CXX_LIBRARY = "libc++";
				CLANG_ENABLE_MODULES = YES;
				CLANG_ENABLE_OBJC_ARC = YES;
				CLANG_ENABLE_OBJC_WEAK = YES;
				CLANG_WARN_BLOCK_CAPTURE_AUTORELEASING = YES;
				CLANG_WARN_BOOL_CONVERSION = YES;
				CLANG_WARN_COMMA = YES;
				CLANG_WARN_CONSTANT_CONVERSION = YES;
				CLANG_WARN_DEPRECATED_OBJC_IMPLEMENTATIONS = YES;
				CLANG_WARN_DIRECT_OBJC_ISA_USAGE = YES_ERROR;
				CLANG_WARN_DOCUMENTATION_COMMENTS = YES;
				CLANG_WARN_EMPTY_BODY = YES;
				CLANG_WARN_ENUM_CONVERSION = YES;
				CLANG_WARN_INFINITE_RECURSION = YES;
				CLANG_WARN_INT_CONVERSION = YES;
				CLANG_WARN_NON_LITERAL_NULL_CONVERSION = YES;
				CLANG_WARN_OBJC_IMPLICIT_RETAIN_SELF = YES;
				CLANG_WARN_OBJC_LITERAL_CONVERSION = YES;
				CLANG_WARN_OBJC_ROOT_CLASS = YES_ERROR;
				CLANG_WARN_QUOTED_INCLUDE_IN_FRAMEWORK_HEADER = YES;
				CLANG_WARN_RANGE_LOOP_ANALYSIS = YES;
				CLANG_WARN_STRICT_PROTOTYPES = YES;
				CLANG_WARN_SUSPICIOUS_MOVE = YES;
				CLANG_WARN_UNGUARDED_AVAILABILITY = YES_AGGRESSIVE;
				CLANG_WARN_UNREACHABLE_CODE = YES;
				CLANG_WARN__DUPLICATE_METHOD_MATCH = YES;
				COPY_PHASE_STRIP = NO;
				DEBUG_INFORMATION_FORMAT = "dwarf-with-dsym";
				ENABLE_NS_ASSERTIONS = NO;
				ENABLE_STRICT_OBJC_MSGSEND = YES;
				GCC_C_LANGUAGE_STANDARD = gnu11;
				GCC_NO_COMMON_BLOCKS = YES;
				GCC_WARN_64_TO_32_BIT_CONVERSION = YES;
				GCC_WARN_ABOUT_RETURN_TYPE = YES_ERROR;
				GCC_WARN_UNDECLARED_SELECTOR = YES;
				GCC_WARN_UNINITIALIZED_AUTOS = YES_AGGRESSIVE;
				GCC_WARN_UNUSED_FUNCTION = YES;
				GCC_WARN_UNUSED_VARIABLE = YES;
				IPHONEOS_DEPLOYMENT_TARGET = 14.2;
				MTL_ENABLE_DEBUG_INFO = NO;
				MTL_FAST_MATH = YES;
				SDKROOT = iphoneos;
				VALIDATE_PRODUCT = YES;
			};
			name = Release;
		};
		930EE78E25864E36008610B8 /* Debug */ = {
			isa = XCBuildConfiguration;
			buildSettings = {
				ASSETCATALOG_COMPILER_APPICON_NAME = AppIcon;
				ASSETCATALOG_COMPILER_GLOBAL_ACCENT_COLOR_NAME = AccentColor;
				CODE_SIGN_STYLE = Automatic;
				DEVELOPMENT_TEAM = D6KBALAZYW;
				INFOPLIST_FILE = MarkListDemo/Info.plist;
				LD_RUNPATH_SEARCH_PATHS = (
					"$(inherited)",
					"@executable_path/Frameworks",
				);
				PRODUCT_BUNDLE_IDENTIFIER = com.junfenghu.MarkListDemo;
				PRODUCT_NAME = "$(TARGET_NAME)";
				TARGETED_DEVICE_FAMILY = "1,2";
			};
			name = Debug;
		};
		930EE78F25864E36008610B8 /* Release */ = {
			isa = XCBuildConfiguration;
			buildSettings = {
				ASSETCATALOG_COMPILER_APPICON_NAME = AppIcon;
				ASSETCATALOG_COMPILER_GLOBAL_ACCENT_COLOR_NAME = AccentColor;
				CODE_SIGN_STYLE = Automatic;
				DEVELOPMENT_TEAM = D6KBALAZYW;
				INFOPLIST_FILE = MarkListDemo/Info.plist;
				LD_RUNPATH_SEARCH_PATHS = (
					"$(inherited)",
					"@executable_path/Frameworks",
				);
				PRODUCT_BUNDLE_IDENTIFIER = com.junfenghu.MarkListDemo;
				PRODUCT_NAME = "$(TARGET_NAME)";
				TARGETED_DEVICE_FAMILY = "1,2";
			};
			name = Release;
		};
/* End XCBuildConfiguration section */

/* Begin XCConfigurationList section */
		930EE76F25864E35008610B8 /* Build configuration list for PBXProject "MarkListDemo" */ = {
			isa = XCConfigurationList;
			buildConfigurations = (
				930EE78B25864E36008610B8 /* Debug */,
				930EE78C25864E36008610B8 /* Release */,
			);
			defaultConfigurationIsVisible = 0;
			defaultConfigurationName = Release;
		};
		930EE78D25864E36008610B8 /* Build configuration list for PBXNativeTarget "MarkListDemo" */ = {
			isa = XCConfigurationList;
			buildConfigurations = (
				930EE78E25864E36008610B8 /* Debug */,
				930EE78F25864E36008610B8 /* Release */,
			);
			defaultConfigurationIsVisible = 0;
			defaultConfigurationName = Release;
		};
/* End XCConfigurationList section */
	};
	rootObject = 930EE76C25864E35008610B8 /* Project object */;
}
